Microsoft Visual Studio Solution File, Format Version 12.00
# Visual Studio 2012
Project("{FAE04EC0-301F-11D3-BF4B-00C04F79EFBC}") = "Deadcells", "Deadcells.csproj", "{0BA404E6-BD31-4FD5-BD1B-18587890D899}"
EndProject
Global
	GlobalSection(SolutionConfigurationPlatforms) = preSolution
	Debug|Any CPU = Debug|Any CPU
	ExportDebug|Any CPU = ExportDebug|Any CPU
	ExportRelease|Any CPU = ExportRelease|Any CPU
	EndGlobalSection
	GlobalSection(ProjectConfigurationPlatforms) = postSolution
		{0BA404E6-BD31-4FD5-BD1B-18587890D899}.Debug|Any CPU.ActiveCfg = Debug|Any CPU
		{0BA404E6-BD31-4FD5-BD1B-18587890D899}.Debug|Any CPU.Build.0 = Debug|Any CPU
		{0BA404E6-BD31-4FD5-BD1B-18587890D899}.ExportDebug|Any CPU.ActiveCfg = ExportDebug|Any CPU
		{0BA404E6-BD31-4FD5-BD1B-18587890D899}.ExportDebug|Any CPU.Build.0 = ExportDebug|Any CPU
		{0BA404E6-BD31-4FD5-BD1B-18587890D899}.ExportRelease|Any CPU.ActiveCfg = ExportRelease|Any CPU
		{0BA404E6-BD31-4FD5-BD1B-18587890D899}.ExportRelease|Any CPU.Build.0 = ExportRelease|Any CPU
	EndGlobalSection
EndGlobal
